PODS:
  - AgoraLyricsScore (1.1.1-beta-3)
  - AgoraRtcEngine_Special_iOS (4.1.1.16)
  - Zip (2.1.2)

DEPENDENCIES:
  - AgoraLyricsScore (= 1.1.1-beta-3)
  - AgoraRtcEngine_Special_iOS (= 4.1.1.16)
  - Zip

SPEC REPOS:
  trunk:
    - AgoraLyricsScore
    - AgoraRtcEngine_Special_iOS
    - Zip

SPEC CHECKSUMS:
  AgoraLyricsScore: 7e25860ccecd3c6ed73f2b503f1d73d8849079e1
  AgoraRtcEngine_Special_iOS: 7f0f588069121c157995503593a7ba6df37691cb
  Zip: b3fef584b147b6e582b2256a9815c897d60ddc67

PODFILE CHECKSUM: 31e6a9becfaf128357272513f9b1cf3ff9409ed1

COCOAPODS: 1.12.1
