PODS:
  - AgoraLyricsScore (1.1.1-beta-3)
  - AgoraRtcEngine_Special_iOS (4.1.1.23)
  - SVProgressHUD (2.3.1):
    - SVProgressHUD/Core (= 2.3.1)
  - SVProgressHUD/Core (2.3.1)
  - Zip (2.1.2)

DEPENDENCIES:
  - AgoraLyricsScore (= 1.1.1-beta-3)
  - AgoraRtcEngine_Special_iOS (= 4.1.1.23)
  - SVProgressHUD
  - Zip

SPEC REPOS:
  trunk:
    - AgoraLyricsScore
    - AgoraRtcEngine_Special_iOS
    - SVProgressHUD
    - Zip

SPEC CHECKSUMS:
  AgoraLyricsScore: 7e25860ccecd3c6ed73f2b503f1d73d8849079e1
  AgoraRtcEngine_Special_iOS: 6a3f7814058f819b374cec3037cbbf7c4de519a5
  SVProgressHUD: 4837c74bdfe2e51e8821c397825996a8d7de6e22
  Zip: b3fef584b147b6e582b2256a9815c897d60ddc67

PODFILE CHECKSUM: d1c78c95a57910e01b805128afe6e86b075e3b0e

COCOAPODS: 1.12.1
